<?xml version="1.0" encoding="utf-8"?>
<Project ToolsVersion="4.0" xmlns="http://schemas.microsoft.com/developer/msbuild/2003">
  <ItemGroup>
    <Filter Include="Source Files">
      <UniqueIdentifier>{4FC737F1-C7A5-4376-A066-2A32D752A2FF}</UniqueIdentifier>
      <Extensions>cpp;c;cc;cxx;c++;cppm;ixx;def;odl;idl;hpj;bat;asm;asmx</Extensions>
    </Filter>
    <Filter Include="Header Files">
      <UniqueIdentifier>{93995380-89BD-4b04-88EB-625FBE52EBFB}</UniqueIdentifier>
      <Extensions>h;hh;hpp;hxx;h++;hm;inl;inc;ipp;xsd</Extensions>
    </Filter>
    <Filter Include="Resource Files">
      <UniqueIdentifier>{67DA6AB6-F800-4c08-8B7A-83BB121AAD01}</UniqueIdentifier>
      <Extensions>rc;ico;cur;bmp;dlg;rc2;rct;bin;rgs;gif;jpg;jpeg;jpe;resx;tiff;tif;png;wav;mfcribbon-ms</Extensions>
    </Filter>
  </ItemGroup>
  <ItemGroup>
    <ClCompile Include="JuegoForm.cpp">
      <Filter>Source Files</Filter>
    </ClCompile>
    <ClCompile Include="Guardian.cpp">
      <Filter>Source Files</Filter>
    </ClCompile>
    <ClCompile Include="Enemigo.cpp">
      <Filter>Source Files</Filter>
    </ClCompile>
    <ClCompile Include="FuegoMinotauro.cpp">
      <Filter>Source Files</Filter>
    </ClCompile>
    <ClCompile Include="Arco.cpp">
      <Filter>Source Files</Filter>
    </ClCompile>
    <ClCompile Include="Juego.cpp">
      <Filter>Source Files</Filter>
    </ClCompile>
    <ClCompile Include="Proyectil.cpp">
      <Filter>Source Files</Filter>
    </ClCompile>
    <ClCompile Include="BolaDeFuego.cpp">
      <Filter>Source Files</Filter>
    </ClCompile>
    <ClCompile Include="AireToroDeGuerra.cpp">
      <Filter>Source Files</Filter>
    </ClCompile>
    <ClCompile Include="TierraZombie.cpp">
      <Filter>Source Files</Filter>
    </ClCompile>
    <ClCompile Include="Aliado.cpp">
      <Filter>Source Files</Filter>
    </ClCompile>
    <ClCompile Include="AliadoAtacar.cpp">
      <Filter>Source Files</Filter>
    </ClCompile>
    <ClCompile Include="AliadoVida.cpp">
      <Filter>Source Files</Filter>
    </ClCompile>
    <ClCompile Include="InicioForm.cpp">
      <Filter>Source Files</Filter>
    </ClCompile>
    <ClCompile Include="PantallaNiveles1.cpp">
      <Filter>Source Files</Filter>
    </ClCompile>
    <ClCompile Include="PantallaCreditos1.cpp">
      <Filter>Source Files</Filter>
    </ClCompile>
    <ClCompile Include="Recurso.cpp">
      <Filter>Source Files</Filter>
    </ClCompile>
    <ClCompile Include="Agua.cpp">
      <Filter>Source Files</Filter>
    </ClCompile>
    <ClCompile Include="ResiduosReciclables.cpp">
      <Filter>Source Files</Filter>
    </ClCompile>
    <ClCompile Include="Semilla.cpp">
      <Filter>Source Files</Filter>
    </ClCompile>
    <ClCompile Include="PantallaRanking.cpp">
      <Filter>Source Files</Filter>
    </ClCompile>
    <ClCompile Include="PantallaHistoria1.cpp">
      <Filter>Source Files</Filter>
    </ClCompile>
    <ClCompile Include="PantallaPerdiste.cpp">
      <Filter>Source Files</Filter>
    </ClCompile>
    <ClCompile Include="PantallaGanaste.cpp">
      <Filter>Source Files</Filter>
    </ClCompile>
    <ClCompile Include="ArchivoPuntaje.cpp">
      <Filter>Source Files</Filter>
    </ClCompile>
  </ItemGroup>
  <ItemGroup>
    <ClInclude Include="JuegoForm.h">
      <Filter>Header Files</Filter>
    </ClInclude>
    <ClInclude Include="Guardian.h">
      <Filter>Header Files</Filter>
    </ClInclude>
    <ClInclude Include="Enemigo.h">
      <Filter>Header Files</Filter>
    </ClInclude>
    <ClInclude Include="FuegoMinotauro.h">
      <Filter>Header Files</Filter>
    </ClInclude>
    <ClInclude Include="Arco.h">
      <Filter>Header Files</Filter>
    </ClInclude>
    <ClInclude Include="Juego.h">
      <Filter>Header Files</Filter>
    </ClInclude>
    <ClInclude Include="Proyectil.h">
      <Filter>Header Files</Filter>
    </ClInclude>
    <ClInclude Include="BolaDeFuego.h">
      <Filter>Header Files</Filter>
    </ClInclude>
    <ClInclude Include="AireToroDeGuerra.h">
      <Filter>Header Files</Filter>
    </ClInclude>
    <ClInclude Include="TierraZombie.h">
      <Filter>Header Files</Filter>
    </ClInclude>
    <ClInclude Include="Aliado.h">
      <Filter>Header Files</Filter>
    </ClInclude>
    <ClInclude Include="AliadoAtacar.h">
      <Filter>Header Files</Filter>
    </ClInclude>
    <ClInclude Include="AliadoVida.h">
      <Filter>Header Files</Filter>
    </ClInclude>
    <ClInclude Include="InicioForm.h">
      <Filter>Header Files</Filter>
    </ClInclude>
    <ClInclude Include="PantallaNiveles1.h">
      <Filter>Header Files</Filter>
    </ClInclude>
    <ClInclude Include="PantallaCreditos.h">
      <Filter>Header Files</Filter>
    </ClInclude>
    <ClInclude Include="Recurso.h">
      <Filter>Header Files</Filter>
    </ClInclude>
    <ClInclude Include="Agua.h">
      <Filter>Header Files</Filter>
    </ClInclude>
    <ClInclude Include="ResiduosReciclables.h">
      <Filter>Header Files</Filter>
    </ClInclude>
    <ClInclude Include="Semilla.h">
      <Filter>Header Files</Filter>
    </ClInclude>
    <ClInclude Include="PantallaRanking.h">
      <Filter>Header Files</Filter>
    </ClInclude>
    <ClInclude Include="PantallaHistoria1.h">
      <Filter>Header Files</Filter>
    </ClInclude>
    <ClInclude Include="PantallaPerdiste.h">
      <Filter>Header Files</Filter>
    </ClInclude>
    <ClInclude Include="PantallaGanaste.h">
      <Filter>Header Files</Filter>
    </ClInclude>
    <ClInclude Include="ArchivoPuntaje.h">
      <Filter>Header Files</Filter>
    </ClInclude>
  </ItemGroup>
</Project>